
Microsoft Visual Studio Solution File, Format Version 12.00
# Visual Studio 15
VisualStudioVersion = 15.0.26228.9
MinimumVisualStudioVersion = 10.0.40219.1
Project("{FAE04EC0-301F-11D3-BF4B-00C04F79EFBC}") = "ProjectEuler.P1", "ProjectEuler.P1\ProjectEuler.P1.csproj", "{50512836-97EB-4465-8BD3-C1630BD711F6}"
EndProject
Project("{FAE04EC0-301F-11D3-BF4B-00C04F79EFBC}") = "ProjectEuler.P2", "ProjectEuler.P2\ProjectEuler.P2.csproj", "{F849285D-FE74-4565-A7B4-39D9A4B971FD}"
EndProject
Project("{FAE04EC0-301F-11D3-BF4B-00C04F79EFBC}") = "ProjectEuler.P3", "ProjectEuler.P3\ProjectEuler.P3.csproj", "{A249D0A0-0702-4E11-B14E-5BEC13607ED6}"
EndProject
Project("{FAE04EC0-301F-11D3-BF4B-00C04F79EFBC}") = "ProjectEuler.P4", "ProjectEuler.P4\ProjectEuler.P4.csproj", "{0A56884B-A5C0-41C7-9BBC-5FC73206D7CA}"
EndProject
Global
	GlobalSection(SolutionConfigurationPlatforms) = preSolution
		Debug|Any CPU = Debug|Any CPU
		Release|Any CPU = Release|Any CPU
	EndGlobalSection
	GlobalSection(ProjectConfigurationPlatforms) = postSolution
		{50512836-97EB-4465-8BD3-C1630BD711F6}.Debug|Any CPU.ActiveCfg = Debug|Any CPU
		{50512836-97EB-4465-8BD3-C1630BD711F6}.Debug|Any CPU.Build.0 = Debug|Any CPU
		{50512836-97EB-4465-8BD3-C1630BD711F6}.Release|Any CPU.ActiveCfg = Release|Any CPU
		{50512836-97EB-4465-8BD3-C1630BD711F6}.Release|Any CPU.Build.0 = Release|Any CPU
		{F849285D-FE74-4565-A7B4-39D9A4B971FD}.Debug|Any CPU.ActiveCfg = Debug|Any CPU
		{F849285D-FE74-4565-A7B4-39D9A4B971FD}.Debug|Any CPU.Build.0 = Debug|Any CPU
		{F849285D-FE74-4565-A7B4-39D9A4B971FD}.Release|Any CPU.ActiveCfg = Release|Any CPU
		{F849285D-FE74-4565-A7B4-39D9A4B971FD}.Release|Any CPU.Build.0 = Release|Any CPU
		{A249D0A0-0702-4E11-B14E-5BEC13607ED6}.Debug|Any CPU.ActiveCfg = Debug|Any CPU
		{A249D0A0-0702-4E11-B14E-5BEC13607ED6}.Debug|Any CPU.Build.0 = Debug|Any CPU
		{A249D0A0-0702-4E11-B14E-5BEC13607ED6}.Release|Any CPU.ActiveCfg = Release|Any CPU
		{A249D0A0-0702-4E11-B14E-5BEC13607ED6}.Release|Any CPU.Build.0 = Release|Any CPU
		{0A56884B-A5C0-41C7-9BBC-5FC73206D7CA}.Debug|Any CPU.ActiveCfg = Debug|Any CPU
		{0A56884B-A5C0-41C7-9BBC-5FC73206D7CA}.Debug|Any CPU.Build.0 = Debug|Any CPU
		{0A56884B-A5C0-41C7-9BBC-5FC73206D7CA}.Release|Any CPU.ActiveCfg = Release|Any CPU
		{0A56884B-A5C0-41C7-9BBC-5FC73206D7CA}.Release|Any CPU.Build.0 = Release|Any CPU
	EndGlobalSection
	GlobalSection(SolutionProperties) = preSolution
		HideSolutionNode = FALSE
	EndGlobalSection
EndGlobal
